// !$*UTF8*$!
{
	archiveVersion = 1;
	classes = {
	};
	objectVersion = 56;
	objects = {

/* Begin PBXBuildFile section */
		472E561B2987D89E00A7C214 /* VisualLinkerApp.swift in Sources */ = {isa = PBXBuildFile; fileRef = 472E561A2987D89E00A7C214 /* VisualLinkerApp.swift */; };
		472E561D2987D89E00A7C214 /* ContentView.swift in Sources */ = {isa = PBXBuildFile; fileRef = 472E561C2987D89E00A7C214 /* ContentView.swift */; };
		472E561F2987D89E00A7C214 /* Assets.xcassets in Resources */ = {isa = PBXBuildFile; fileRef = 472E561E2987D89E00A7C214 /* Assets.xcassets */; };
		472E56222987D89E00A7C214 /* Preview Assets.xcassets in Resources */ = {isa = PBXBuildFile; fileRef = 472E56212987D89E00A7C214 /* Preview Assets.xcassets */; };
		472E562A2987DD0800A7C214 /* URLPreview.swift in Sources */ = {isa = PBXBuildFile; fileRef = 472E56292987DD0800A7C214 /* URLPreview.swift */; };
		472E564C2988299E00A7C214 /* HotKey in Frameworks */ = {isa = PBXBuildFile; productRef = 472E564B2988299E00A7C214 /* HotKey */; };
/* End PBXBuildFile section */

/* Begin PBXFileReference section */
		472E56172987D89E00A7C214 /* VisualLinker.app */ = {isa = PBXFileReference; explicitFileType = wrapper.application; includeInIndex = 0; path = VisualLinker.app; sourceTree = BUILT_PRODUCTS_DIR; };
		472E561A2987D89E00A7C214 /* VisualLinkerApp.swift */ = {isa = PBXFileReference; lastKnownFileType = sourcecode.swift; path = VisualLinkerApp.swift; sourceTree = "<group>"; };
		472E561C2987D89E00A7C214 /* ContentView.swift */ = {isa = PBXFileReference; lastKnownFileType = sourcecode.swift; path = ContentView.swift; sourceTree = "<group>"; };
		472E561E2987D89E00A7C214 /* Assets.xcassets */ = {isa = PBXFileReference; lastKnownFileType = folder.assetcatalog; path = Assets.xcassets; sourceTree = "<group>"; };
		472E56212987D89E00A7C214 /* Preview Assets.xcassets */ = {isa = PBXFileReference; lastKnownFileType = folder.assetcatalog; path = "Preview Assets.xcassets"; sourceTree = "<group>"; };
		472E56232987D89E00A7C214 /* VisualLinker.entitlements */ = {isa = PBXFileReference; lastKnownFileType = text.plist.entitlements; path = VisualLinker.entitlements; sourceTree = "<group>"; };
		472E56292987DD0800A7C214 /* URLPreview.swift */ = {isa = PBXFileReference; lastKnownFileType = sourcecode.swift; path = URLPreview.swift; sourceTree = "<group>"; };
		472E564D29883F8C00A7C214 /* Info.plist */ = {isa = PBXFileReference; lastKnownFileType = text.plist; path = Info.plist; sourceTree = "<group>"; };
/* End PBXFileReference section */

/* Begin PBXFrameworksBuildPhase section */
		472E56142987D89E00A7C214 /* Frameworks */ = {
			isa = PBXFrameworksBuildPhase;
			buildActionMask = 2147483647;
			files = (
				472E564C2988299E00A7C214 /* HotKey in Frameworks */,
			);
			runOnlyForDeploymentPostprocessing = 0;
		};
/* End PBXFrameworksBuildPhase section */

/* Begin PBXGroup section */
		472E560E2987D89E00A7C214 = {
			isa = PBXGroup;
			children = (
				472E56192987D89E00A7C214 /* VisualLinker */,
				472E56182987D89E00A7C214 /* Products */,
			);
			sourceTree = "<group>";
		};
		472E56182987D89E00A7C214 /* Products */ = {
			isa = PBXGroup;
			children = (
				472E56172987D89E00A7C214 /* VisualLinker.app */,
			);
			name = Products;
			sourceTree = "<group>";
		};
		472E56192987D89E00A7C214 /* VisualLinker */ = {
			isa = PBXGroup;
			children = (
				472E564D29883F8C00A7C214 /* Info.plist */,
				472E561A2987D89E00A7C214 /* VisualLinkerApp.swift */,
				472E561C2987D89E00A7C214 /* ContentView.swift */,
				472E561E2987D89E00A7C214 /* Assets.xcassets */,
				472E56232987D89E00A7C214 /* VisualLinker.entitlements */,
				472E56202987D89E00A7C214 /* Preview Content */,
				472E56292987DD0800A7C214 /* URLPreview.swift */,
			);
			path = VisualLinker;
			sourceTree = "<group>";
		};
		472E56202987D89E00A7C214 /* Preview Content */ = {
			isa = PBXGroup;
			children = (
				472E56212987D89E00A7C214 /* Preview Assets.xcassets */,
			);
			path = "Preview Content";
			sourceTree = "<group>";
		};
/* End PBXGroup section */

/* Begin PBXNativeTarget section */
		472E56162987D89E00A7C214 /* VisualLinker */ = {
			isa = PBXNativeTarget;
			buildConfigurationList = 472E56262987D89E00A7C214 /* Build configuration list for PBXNativeTarget "VisualLinker" */;
			buildPhases = (
				472E56132987D89E00A7C214 /* Sources */,
				472E56142987D89E00A7C214 /* Frameworks */,
				472E56152987D89E00A7C214 /* Resources */,
			);
			buildRules = (
			);
			dependencies = (
			);
			name = VisualLinker;
			packageProductDependencies = (
				472E564B2988299E00A7C214 /* HotKey */,
			);
			productName = VisualLinker;
			productReference = 472E56172987D89E00A7C214 /* VisualLinker.app */;
			productType = "com.apple.product-type.application";
		};
/* End PBXNativeTarget section */

/* Begin PBXProject section */
		472E560F2987D89E00A7C214 /* Project object */ = {
			isa = PBXProject;
			attributes = {
				BuildIndependentTargetsInParallel = 1;
				LastSwiftUpdateCheck = 1420;
				LastUpgradeCheck = 1420;
				TargetAttributes = {
					472E56162987D89E00A7C214 = {
						CreatedOnToolsVersion = 14.2;
					};
				};
			};
			buildConfigurationList = 472E56122987D89E00A7C214 /* Build configuration list for PBXProject "VisualLinker" */;
			compatibilityVersion = "Xcode 14.0";
			developmentRegion = en;
			hasScannedForEncodings = 0;
			knownRegions = (
				en,
				Base,
			);
			mainGroup = 472E560E2987D89E00A7C214;
			packageReferences = (
				472E564A2988299E00A7C214 /* XCRemoteSwiftPackageReference "HotKey" */,
			);
			productRefGroup = 472E56182987D89E00A7C214 /* Products */;
			projectDirPath = "";
			projectRoot = "";
			targets = (
				472E56162987D89E00A7C214 /* VisualLinker */,
			);
		};
/* End PBXProject section */

/* Begin PBXResourcesBuildPhase section */
		472E56152987D89E00A7C214 /* Resources */ = {
			isa = PBXResourcesBuildPhase;
			buildActionMask = 2147483647;
			files = (
				472E56222987D89E00A7C214 /* Preview Assets.xcassets in Resources */,
				472E561F2987D89E00A7C214 /* Assets.xcassets in Resources */,
			);
			runOnlyForDeploymentPostprocessing = 0;
		};
/* End PBXResourcesBuildPhase section */

/* Begin PBXSourcesBuildPhase section */
		472E56132987D89E00A7C214 /* Sources */ = {
			isa = PBXSourcesBuildPhase;
			buildActionMask = 2147483647;
			files = (
				472E561D2987D89E00A7C214 /* ContentView.swift in Sources */,
				472E562A2987DD0800A7C214 /* URLPreview.swift in Sources */,
				472E561B2987D89E00A7C214 /* VisualLinkerApp.swift in Sources */,
			);
			runOnlyForDeploymentPostprocessing = 0;
		};
/* End PBXSourcesBuildPhase section */

/* Begin XCBuildConfiguration section */
		472E56242987D89E00A7C214 /* Debug */ = {
			isa = XCBuildConfiguration;
			buildSettings = {
				ALWAYS_SEARCH_USER_PATHS = NO;
				CLANG_ANALYZER_NONNULL = YES;
				CLANG_ANALYZER_NUMBER_OBJECT_CONVERSION = YES_AGGRESSIVE;
				CLANG_CXX_LANGUAGE_STANDARD = "gnu++20";
				CLANG_ENABLE_MODULES = YES;
				CLANG_ENABLE_OBJC_ARC = YES;
				CLANG_ENABLE_OBJC_WEAK = YES;
				CLANG_WARN_BLOCK_CAPTURE_AUTORELEASING = YES;
				CLANG_WARN_BOOL_CONVERSION = YES;
				CLANG_WARN_COMMA = YES;
				CLANG_WARN_CONSTANT_CONVERSION = YES;
				CLANG_WARN_DEPRECATED_OBJC_IMPLEMENTATIONS = YES;
				CLANG_WARN_DIRECT_OBJC_ISA_USAGE = YES_ERROR;
				CLANG_WARN_DOCUMENTATION_COMMENTS = YES;
				CLANG_WARN_EMPTY_BODY = YES;
				CLANG_WARN_ENUM_CONVERSION = YES;
				CLANG_WARN_INFINITE_RECURSION = YES;
				CLANG_WARN_INT_CONVERSION = YES;
				CLANG_WARN_NON_LITERAL_NULL_CONVERSION = YES;
				CLANG_WARN_OBJC_IMPLICIT_RETAIN_SELF = YES;
				CLANG_WARN_OBJC_LITERAL_CONVERSION = YES;
				CLANG_WARN_OBJC_ROOT_CLASS = YES_ERROR;
				CLANG_WARN_QUOTED_INCLUDE_IN_FRAMEWORK_HEADER = YES;
				CLANG_WARN_RANGE_LOOP_ANALYSIS = YES;
				CLANG_WARN_STRICT_PROTOTYPES = YES;
				CLANG_WARN_SUSPICIOUS_MOVE = YES;
				CLANG_WARN_UNGUARDED_AVAILABILITY = YES_AGGRESSIVE;
				CLANG_WARN_UNREACHABLE_CODE = YES;
				CLANG_WARN__DUPLICATE_METHOD_MATCH = YES;
				COPY_PHASE_STRIP = NO;
				DEBUG_INFORMATION_FORMAT = dwarf;
				ENABLE_STRICT_OBJC_MSGSEND = YES;
				ENABLE_TESTABILITY = YES;
				GCC_C_LANGUAGE_STANDARD = gnu11;
				GCC_DYNAMIC_NO_PIC = NO;
				GCC_NO_COMMON_BLOCKS = YES;
				GCC_OPTIMIZATION_LEVEL = 0;
				GCC_PREPROCESSOR_DEFINITIONS = (
					"DEBUG=1",
					"$(inherited)",
				);
				GCC_WARN_64_TO_32_BIT_CONVERSION = YES;
				GCC_WARN_ABOUT_RETURN_TYPE = YES_ERROR;
				GCC_WARN_UNDECLARED_SELECTOR = YES;
				GCC_WARN_UNINITIALIZED_AUTOS = YES_AGGRESSIVE;
				GCC_WARN_UNUSED_FUNCTION = YES;
				GCC_WARN_UNUSED_VARIABLE = YES;
				MACOSX_DEPLOYMENT_TARGET = 13.1;
				MTL_ENABLE_DEBUG_INFO = INCLUDE_SOURCE;
				MTL_FAST_MATH = YES;
				ONLY_ACTIVE_ARCH = YES;
				SDKROOT = macosx;
				SWIFT_ACTIVE_COMPILATION_CONDITIONS = DEBUG;
				SWIFT_OPTIMIZATION_LEVEL = "-Onone";
			};
			name = Debug;
		};
		472E56252987D89E00A7C214 /* Release */ = {
			isa = XCBuildConfiguration;
			buildSettings = {
				ALWAYS_SEARCH_USER_PATHS = NO;
				CLANG_ANALYZER_NONNULL = YES;
				CLANG_ANALYZER_NUMBER_OBJECT_CONVERSION = YES_AGGRESSIVE;
				CLANG_CXX_LANGUAGE_STANDARD = "gnu++20";
				CLANG_ENABLE_MODULES = YES;
				CLANG_ENABLE_OBJC_ARC = YES;
				CLANG_ENABLE_OBJC_WEAK = YES;
				CLANG_WARN_BLOCK_CAPTURE_AUTORELEASING = YES;
				CLANG_WARN_BOOL_CONVERSION = YES;
				CLANG_WARN_COMMA = YES;
				CLANG_WARN_CONSTANT_CONVERSION = YES;
				CLANG_WARN_DEPRECATED_OBJC_IMPLEMENTATIONS = YES;
				CLANG_WARN_DIRECT_OBJC_ISA_USAGE = YES_ERROR;
				CLANG_WARN_DOCUMENTATION_COMMENTS = YES;
				CLANG_WARN_EMPTY_BODY = YES;
				CLANG_WARN_ENUM_CONVERSION = YES;
				CLANG_WARN_INFINITE_RECURSION = YES;
				CLANG_WARN_INT_CONVERSION = YES;
				CLANG_WARN_NON_LITERAL_NULL_CONVERSION = YES;
				CLANG_WARN_OBJC_IMPLICIT_RETAIN_SELF = YES;
				CLANG_WARN_OBJC_LITERAL_CONVERSION = YES;
				CLANG_WARN_OBJC_ROOT_CLASS = YES_ERROR;
				CLANG_WARN_QUOTED_INCLUDE_IN_FRAMEWORK_HEADER = YES;
				CLANG_WARN_RANGE_LOOP_ANALYSIS = YES;
				CLANG_WARN_STRICT_PROTOTYPES = YES;
				CLANG_WARN_SUSPICIOUS_MOVE = YES;
				CLANG_WARN_UNGUARDED_AVAILABILITY = YES_AGGRESSIVE;
				CLANG_WARN_UNREACHABLE_CODE = YES;
				CLANG_WARN__DUPLICATE_METHOD_MATCH = YES;
				COPY_PHASE_STRIP = NO;
				DEBUG_INFORMATION_FORMAT = "dwarf-with-dsym";
				ENABLE_NS_ASSERTIONS = NO;
				ENABLE_STRICT_OBJC_MSGSEND = YES;
				GCC_C_LANGUAGE_STANDARD = gnu11;
				GCC_NO_COMMON_BLOCKS = YES;
				GCC_WARN_64_TO_32_BIT_CONVERSION = YES;
				GCC_WARN_ABOUT_RETURN_TYPE = YES_ERROR;
				GCC_WARN_UNDECLARED_SELECTOR = YES;
				GCC_WARN_UNINITIALIZED_AUTOS = YES_AGGRESSIVE;
				GCC_WARN_UNUSED_FUNCTION = YES;
				GCC_WARN_UNUSED_VARIABLE = YES;
				MACOSX_DEPLOYMENT_TARGET = 13.1;
				MTL_ENABLE_DEBUG_INFO = NO;
				MTL_FAST_MATH = YES;
				SDKROOT = macosx;
				SWIFT_COMPILATION_MODE = wholemodule;
				SWIFT_OPTIMIZATION_LEVEL = "-O";
			};
			name = Release;
		};
		472E56272987D89E00A7C214 /* Debug */ = {
			isa = XCBuildConfiguration;
			buildSettings = {
				ASSETCATALOG_COMPILER_APPICON_NAME = AppIcon;
				ASSETCATALOG_COMPILER_GLOBAL_ACCENT_COLOR_NAME = AccentColor;
				CODE_SIGN_ENTITLEMENTS = VisualLinker/VisualLinker.entitlements;
				CODE_SIGN_STYLE = Automatic;
				COMBINE_HIDPI_IMAGES = YES;
				CURRENT_PROJECT_VERSION = 1;
				DEVELOPMENT_ASSET_PATHS = "\"VisualLinker/Preview Content\"";
				DEVELOPMENT_TEAM = ZWNU8P9B33;
				ENABLE_HARDENED_RUNTIME = YES;
				ENABLE_PREVIEWS = YES;
				GENERATE_INFOPLIST_FILE = YES;
				INFOPLIST_FILE = VisualLinker/Info.plist;
				INFOPLIST_KEY_LSUIElement = YES;
				INFOPLIST_KEY_NSHumanReadableCopyright = "";
				LD_RUNPATH_SEARCH_PATHS = (
					"$(inherited)",
					"@executable_path/../Frameworks",
				);
				MARKETING_VERSION = 1.0;
				PRODUCT_BUNDLE_IDENTIFIER = hu.lka.gk.VisualLinker;
				PRODUCT_NAME = "$(TARGET_NAME)";
				SWIFT_EMIT_LOC_STRINGS = YES;
				SWIFT_VERSION = 5.0;
			};
			name = Debug;
		};
		472E56282987D89E00A7C214 /* Release */ = {
			isa = XCBuildConfiguration;
			buildSettings = {
				ASSETCATALOG_COMPILER_APPICON_NAME = AppIcon;
				ASSETCATALOG_COMPILER_GLOBAL_ACCENT_COLOR_NAME = AccentColor;
				CODE_SIGN_ENTITLEMENTS = VisualLinker/VisualLinker.entitlements;
				CODE_SIGN_STYLE = Automatic;
				COMBINE_HIDPI_IMAGES = YES;
				CURRENT_PROJECT_VERSION = 1;
				DEVELOPMENT_ASSET_PATHS = "\"VisualLinker/Preview Content\"";
				DEVELOPMENT_TEAM = ZWNU8P9B33;
				ENABLE_HARDENED_RUNTIME = YES;
				ENABLE_PREVIEWS = YES;
				GENERATE_INFOPLIST_FILE = YES;
				INFOPLIST_FILE = VisualLinker/Info.plist;
				INFOPLIST_KEY_LSUIElement = YES;
				INFOPLIST_KEY_NSHumanReadableCopyright = "";
				LD_RUNPATH_SEARCH_PATHS = (
					"$(inherited)",
					"@executable_path/../Frameworks",
				);
				MARKETING_VERSION = 1.0;
				PRODUCT_BUNDLE_IDENTIFIER = hu.lka.gk.VisualLinker;
				PRODUCT_NAME = "$(TARGET_NAME)";
				SWIFT_EMIT_LOC_STRINGS = YES;
				SWIFT_VERSION = 5.0;
			};
			name = Release;
		};
/* End XCBuildConfiguration section */

/* Begin XCConfigurationList section */
		472E56122987D89E00A7C214 /* Build configuration list for PBXProject "VisualLinker" */ = {
			isa = XCConfigurationList;
			buildConfigurations = (
				472E56242987D89E00A7C214 /* Debug */,
				472E56252987D89E00A7C214 /* Release */,
			);
			defaultConfigurationIsVisible = 0;
			defaultConfigurationName = Release;
		};
		472E56262987D89E00A7C214 /* Build configuration list for PBXNativeTarget "VisualLinker" */ = {
			isa = XCConfigurationList;
			buildConfigurations = (
				472E56272987D89E00A7C214 /* Debug */,
				472E56282987D89E00A7C214 /* Release */,
			);
			defaultConfigurationIsVisible = 0;
			defaultConfigurationName = Release;
		};
/* End XCConfigurationList section */

/* Begin XCRemoteSwiftPackageReference section */
		472E564A2988299E00A7C214 /* XCRemoteSwiftPackageReference "HotKey" */ = {
			isa = XCRemoteSwiftPackageReference;
			repositoryURL = "https://github.com/soffes/HotKey";
			requirement = {
				branch = master;
				kind = branch;
			};
		};
/* End XCRemoteSwiftPackageReference section */

/* Begin XCSwiftPackageProductDependency section */
		472E564B2988299E00A7C214 /* HotKey */ = {
			isa = XCSwiftPackageProductDependency;
			package = 472E564A2988299E00A7C214 /* XCRemoteSwiftPackageReference "HotKey" */;
			productName = HotKey;
		};
/* End XCSwiftPackageProductDependency section */
	};
	rootObject = 472E560F2987D89E00A7C214 /* Project object */;
}
